
Microsoft Visual Studio Solution File, Format Version 12.00
# Visual Studio Version 17
VisualStudioVersion = 17.7.34031.279
MinimumVisualStudioVersion = 10.0.40219.1
Project("{9A19103F-16F7-4668-BE54-9A1E7A4F7556}") = "Authorization and Authentication", "Authorization and Authentication\Authorization and Authentication.csproj", "{3959A456-A016-4771-A901-97308E8DEE87}"
EndProject
Project("{FAE04EC0-301F-11D3-BF4B-00C04F79EFBC}") = "User.Management.Service", "User.Management.Service\User.Management.Service.csproj", "{086E6A00-8AEB-4492-A1A6-0B909118B3DB}"
EndProject
Project("{2150E333-8FDC-42A3-9474-1A3956D46DE8}") = "Solution Items", "Solution Items", "{0CB3CE96-7303-4CB5-ADFD-85AED6DC7EA8}"
	ProjectSection(SolutionItems) = preProject
		.editorconfig = .editorconfig
	EndProjectSection
EndProject
Global
	GlobalSection(SolutionConfigurationPlatforms) = preSolution
		Debug|Any CPU = Debug|Any CPU
		Debug|ARM = Debug|ARM
		Debug|ARM64 = Debug|ARM64
		Debug|x64 = Debug|x64
		Debug|x86 = Debug|x86
		Release|Any CPU = Release|Any CPU
		Release|ARM = Release|ARM
		Release|ARM64 = Release|ARM64
		Release|x64 = Release|x64
		Release|x86 = Release|x86
	EndGlobalSection
	GlobalSection(ProjectConfigurationPlatforms) = postSolution
		{3959A456-A016-4771-A901-97308E8DEE87}.Debug|Any CPU.ActiveCfg = Debug|Any CPU
		{3959A456-A016-4771-A901-97308E8DEE87}.Debug|Any CPU.Build.0 = Debug|Any CPU
		{3959A456-A016-4771-A901-97308E8DEE87}.Debug|ARM.ActiveCfg = Debug|Any CPU
		{3959A456-A016-4771-A901-97308E8DEE87}.Debug|ARM.Build.0 = Debug|Any CPU
		{3959A456-A016-4771-A901-97308E8DEE87}.Debug|ARM64.ActiveCfg = Debug|Any CPU
		{3959A456-A016-4771-A901-97308E8DEE87}.Debug|ARM64.Build.0 = Debug|Any CPU
		{3959A456-A016-4771-A901-97308E8DEE87}.Debug|x64.ActiveCfg = Debug|Any CPU
		{3959A456-A016-4771-A901-97308E8DEE87}.Debug|x64.Build.0 = Debug|Any CPU
		{3959A456-A016-4771-A901-97308E8DEE87}.Debug|x86.ActiveCfg = Debug|Any CPU
		{3959A456-A016-4771-A901-97308E8DEE87}.Debug|x86.Build.0 = Debug|Any CPU
		{3959A456-A016-4771-A901-97308E8DEE87}.Release|Any CPU.ActiveCfg = Release|Any CPU
		{3959A456-A016-4771-A901-97308E8DEE87}.Release|Any CPU.Build.0 = Release|Any CPU
		{3959A456-A016-4771-A901-97308E8DEE87}.Release|ARM.ActiveCfg = Release|Any CPU
		{3959A456-A016-4771-A901-97308E8DEE87}.Release|ARM.Build.0 = Release|Any CPU
		{3959A456-A016-4771-A901-97308E8DEE87}.Release|ARM64.ActiveCfg = Release|Any CPU
		{3959A456-A016-4771-A901-97308E8DEE87}.Release|ARM64.Build.0 = Release|Any CPU
		{3959A456-A016-4771-A901-97308E8DEE87}.Release|x64.ActiveCfg = Release|Any CPU
		{3959A456-A016-4771-A901-97308E8DEE87}.Release|x64.Build.0 = Release|Any CPU
		{3959A456-A016-4771-A901-97308E8DEE87}.Release|x86.ActiveCfg = Release|Any CPU
		{3959A456-A016-4771-A901-97308E8DEE87}.Release|x86.Build.0 = Release|Any CPU
		{086E6A00-8AEB-4492-A1A6-0B909118B3DB}.Debug|Any CPU.ActiveCfg = Debug|Any CPU
		{086E6A00-8AEB-4492-A1A6-0B909118B3DB}.Debug|Any CPU.Build.0 = Debug|Any CPU
		{086E6A00-8AEB-4492-A1A6-0B909118B3DB}.Debug|ARM.ActiveCfg = Debug|Any CPU
		{086E6A00-8AEB-4492-A1A6-0B909118B3DB}.Debug|ARM.Build.0 = Debug|Any CPU
		{086E6A00-8AEB-4492-A1A6-0B909118B3DB}.Debug|ARM64.ActiveCfg = Debug|Any CPU
		{086E6A00-8AEB-4492-A1A6-0B909118B3DB}.Debug|ARM64.Build.0 = Debug|Any CPU
		{086E6A00-8AEB-4492-A1A6-0B909118B3DB}.Debug|x64.ActiveCfg = Debug|Any CPU
		{086E6A00-8AEB-4492-A1A6-0B909118B3DB}.Debug|x64.Build.0 = Debug|Any CPU
		{086E6A00-8AEB-4492-A1A6-0B909118B3DB}.Debug|x86.ActiveCfg = Debug|Any CPU
		{086E6A00-8AEB-4492-A1A6-0B909118B3DB}.Debug|x86.Build.0 = Debug|Any CPU
		{086E6A00-8AEB-4492-A1A6-0B909118B3DB}.Release|Any CPU.ActiveCfg = Release|Any CPU
		{086E6A00-8AEB-4492-A1A6-0B909118B3DB}.Release|Any CPU.Build.0 = Release|Any CPU
		{086E6A00-8AEB-4492-A1A6-0B909118B3DB}.Release|ARM.ActiveCfg = Release|Any CPU
		{086E6A00-8AEB-4492-A1A6-0B909118B3DB}.Release|ARM.Build.0 = Release|Any CPU
		{086E6A00-8AEB-4492-A1A6-0B909118B3DB}.Release|ARM64.ActiveCfg = Release|Any CPU
		{086E6A00-8AEB-4492-A1A6-0B909118B3DB}.Release|ARM64.Build.0 = Release|Any CPU
		{086E6A00-8AEB-4492-A1A6-0B909118B3DB}.Release|x64.ActiveCfg = Release|Any CPU
		{086E6A00-8AEB-4492-A1A6-0B909118B3DB}.Release|x64.Build.0 = Release|Any CPU
		{086E6A00-8AEB-4492-A1A6-0B909118B3DB}.Release|x86.ActiveCfg = Release|Any CPU
		{086E6A00-8AEB-4492-A1A6-0B909118B3DB}.Release|x86.Build.0 = Release|Any CPU
	EndGlobalSection
	GlobalSection(SolutionProperties) = preSolution
		HideSolutionNode = FALSE
	EndGlobalSection
	GlobalSection(ExtensibilityGlobals) = postSolution
		SolutionGuid = {ECB72E5B-CFA1-4A40-97BD-EC046DAF63F9}
	EndGlobalSection
EndGlobal
